// !$*UTF8*$!
{
	archiveVersion = 1;
	classes = {
	};
	objectVersion = 55;
	objects = {

/* Begin PBXBuildFile section */
		07184DAB2750D3AF00665C6F /* PlaceViewController.swift in Sources */ = {isa = PBXBuildFile; fileRef = 07184DAA2750D3AF00665C6F /* PlaceViewController.swift */; };
		07184DAD2750D8BE00665C6F /* InfoViewController.swift in Sources */ = {isa = PBXBuildFile; fileRef = 07184DAC2750D8BE00665C6F /* InfoViewController.swift */; };
		07184DAF2750D8C900665C6F /* MapViewController.swift in Sources */ = {isa = PBXBuildFile; fileRef = 07184DAE2750D8C900665C6F /* MapViewController.swift */; };
		07184DB12750D8D200665C6F /* NotesViewController.swift in Sources */ = {isa = PBXBuildFile; fileRef = 07184DB02750D8D200665C6F /* NotesViewController.swift */; };
		07184DB32750DA3000665C6F /* Constants.swift in Sources */ = {isa = PBXBuildFile; fileRef = 07184DB22750DA3000665C6F /* Constants.swift */; };
		07184DE027510B9400665C6F /* Place+CoreDataClass.swift in Sources */ = {isa = PBXBuildFile; fileRef = 07184DDC27510B9400665C6F /* Place+CoreDataClass.swift */; };
		07184DE127510B9400665C6F /* Place+CoreDataProperties.swift in Sources */ = {isa = PBXBuildFile; fileRef = 07184DDD27510B9400665C6F /* Place+CoreDataProperties.swift */; };
		07184DE227510B9400665C6F /* Note+CoreDataClass.swift in Sources */ = {isa = PBXBuildFile; fileRef = 07184DDE27510B9400665C6F /* Note+CoreDataClass.swift */; };
		07184DE327510B9400665C6F /* Note+CoreDataProperties.swift in Sources */ = {isa = PBXBuildFile; fileRef = 07184DDF27510B9400665C6F /* Note+CoreDataProperties.swift */; };
		07184DE527510BFA00665C6F /* PreloadedData.json in Resources */ = {isa = PBXBuildFile; fileRef = 07184DE427510BFA00665C6F /* PreloadedData.json */; };
		07184DE727513B7300665C6F /* PlaceTableViewCell.swift in Sources */ = {isa = PBXBuildFile; fileRef = 07184DE627513B7200665C6F /* PlaceTableViewCell.swift */; };
		07F01B342750C54100D34A4F /* AppDelegate.swift in Sources */ = {isa = PBXBuildFile; fileRef = 07F01B332750C54100D34A4F /* AppDelegate.swift */; };
		07F01B362750C54100D34A4F /* SceneDelegate.swift in Sources */ = {isa = PBXBuildFile; fileRef = 07F01B352750C54100D34A4F /* SceneDelegate.swift */; };
		07F01B382750C54100D34A4F /* ViewController.swift in Sources */ = {isa = PBXBuildFile; fileRef = 07F01B372750C54100D34A4F /* ViewController.swift */; };
		07F01B3B2750C54100D34A4F /* Main.storyboard in Resources */ = {isa = PBXBuildFile; fileRef = 07F01B392750C54100D34A4F /* Main.storyboard */; };
		07F01B3E2750C54100D34A4F /* Guidebook_App.xcdatamodeld in Sources */ = {isa = PBXBuildFile; fileRef = 07F01B3C2750C54100D34A4F /* Guidebook_App.xcdatamodeld */; };
		07F01B402750C54300D34A4F /* Assets.xcassets in Resources */ = {isa = PBXBuildFile; fileRef = 07F01B3F2750C54300D34A4F /* Assets.xcassets */; };
		07F01B432750C54300D34A4F /* LaunchScreen.storyboard in Resources */ = {isa = PBXBuildFile; fileRef = 07F01B412750C54300D34A4F /* LaunchScreen.storyboard */; };
/* End PBXBuildFile section */

/* Begin PBXFileReference section */
		07184DAA2750D3AF00665C6F /* PlaceViewController.swift */ = {isa = PBXFileReference; lastKnownFileType = sourcecode.swift; path = PlaceViewController.swift; sourceTree = "<group>"; };
		07184DAC2750D8BE00665C6F /* InfoViewController.swift */ = {isa = PBXFileReference; lastKnownFileType = sourcecode.swift; path = InfoViewController.swift; sourceTree = "<group>"; };
		07184DAE2750D8C900665C6F /* MapViewController.swift */ = {isa = PBXFileReference; lastKnownFileType = sourcecode.swift; path = MapViewController.swift; sourceTree = "<group>"; };
		07184DB02750D8D200665C6F /* NotesViewController.swift */ = {isa = PBXFileReference; lastKnownFileType = sourcecode.swift; path = NotesViewController.swift; sourceTree = "<group>"; };
		07184DB22750DA3000665C6F /* Constants.swift */ = {isa = PBXFileReference; lastKnownFileType = sourcecode.swift; path = Constants.swift; sourceTree = "<group>"; };
		07184DDC27510B9400665C6F /* Place+CoreDataClass.swift */ = {isa = PBXFileReference; lastKnownFileType = sourcecode.swift; path = "Place+CoreDataClass.swift"; sourceTree = "<group>"; };
		07184DDD27510B9400665C6F /* Place+CoreDataProperties.swift */ = {isa = PBXFileReference; lastKnownFileType = sourcecode.swift; path = "Place+CoreDataProperties.swift"; sourceTree = "<group>"; };
		07184DDE27510B9400665C6F /* Note+CoreDataClass.swift */ = {isa = PBXFileReference; lastKnownFileType = sourcecode.swift; path = "Note+CoreDataClass.swift"; sourceTree = "<group>"; };
		07184DDF27510B9400665C6F /* Note+CoreDataProperties.swift */ = {isa = PBXFileReference; lastKnownFileType = sourcecode.swift; path = "Note+CoreDataProperties.swift"; sourceTree = "<group>"; };
		07184DE427510BFA00665C6F /* PreloadedData.json */ = {isa = PBXFileReference; fileEncoding = 4; lastKnownFileType = text.json; path = PreloadedData.json; sourceTree = "<group>"; };
		07184DE627513B7200665C6F /* PlaceTableViewCell.swift */ = {isa = PBXFileReference; lastKnownFileType = sourcecode.swift; path = PlaceTableViewCell.swift; sourceTree = "<group>"; };
		07F01B302750C54100D34A4F /* Guidebook App.app */ = {isa = PBXFileReference; explicitFileType = wrapper.application; includeInIndex = 0; path = "Guidebook App.app"; sourceTree = BUILT_PRODUCTS_DIR; };
		07F01B332750C54100D34A4F /* AppDelegate.swift */ = {isa = PBXFileReference; lastKnownFileType = sourcecode.swift; path = AppDelegate.swift; sourceTree = "<group>"; };
		07F01B352750C54100D34A4F /* SceneDelegate.swift */ = {isa = PBXFileReference; lastKnownFileType = sourcecode.swift; path = SceneDelegate.swift; sourceTree = "<group>"; };
		07F01B372750C54100D34A4F /* ViewController.swift */ = {isa = PBXFileReference; lastKnownFileType = sourcecode.swift; path = ViewController.swift; sourceTree = "<group>"; };
		07F01B3A2750C54100D34A4F /* Base */ = {isa = PBXFileReference; lastKnownFileType = file.storyboard; name = Base; path = Base.lproj/Main.storyboard; sourceTree = "<group>"; };
		07F01B3D2750C54100D34A4F /* Guidebook_App.xcdatamodel */ = {isa = PBXFileReference; lastKnownFileType = wrapper.xcdatamodel; path = Guidebook_App.xcdatamodel; sourceTree = "<group>"; };
		07F01B3F2750C54300D34A4F /* Assets.xcassets */ = {isa = PBXFileReference; lastKnownFileType = folder.assetcatalog; path = Assets.xcassets; sourceTree = "<group>"; };
		07F01B422750C54300D34A4F /* Base */ = {isa = PBXFileReference; lastKnownFileType = file.storyboard; name = Base; path = Base.lproj/LaunchScreen.storyboard; sourceTree = "<group>"; };
		07F01B442750C54300D34A4F /* Info.plist */ = {isa = PBXFileReference; lastKnownFileType = text.plist.xml; path = Info.plist; sourceTree = "<group>"; };
/* End PBXFileReference section */

/* Begin PBXFrameworksBuildPhase section */
		07F01B2D2750C54100D34A4F /* Frameworks */ = {
			isa = PBXFrameworksBuildPhase;
			buildActionMask = 2147483647;
			files = (
			);
			runOnlyForDeploymentPostprocessing = 0;
		};
/* End PBXFrameworksBuildPhase section */

/* Begin PBXGroup section */
		07F01B272750C54100D34A4F = {
			isa = PBXGroup;
			children = (
				07F01B322750C54100D34A4F /* Guidebook App */,
				07F01B312750C54100D34A4F /* Products */,
			);
			sourceTree = "<group>";
		};
		07F01B312750C54100D34A4F /* Products */ = {
			isa = PBXGroup;
			children = (
				07F01B302750C54100D34A4F /* Guidebook App.app */,
			);
			name = Products;
			sourceTree = "<group>";
		};
		07F01B322750C54100D34A4F /* Guidebook App */ = {
			isa = PBXGroup;
			children = (
				07F01B332750C54100D34A4F /* AppDelegate.swift */,
				07F01B352750C54100D34A4F /* SceneDelegate.swift */,
				07F01B4D2750C6FF00D34A4F /* Model */,
				07F01B4A2750C6B400D34A4F /* Storyboards */,
				07F01B4B2750C6D600D34A4F /* ViewControllers */,
				07F01B4C2750C6EC00D34A4F /* Views */,
				07F01B4E2750C71100D34A4F /* Helpers */,
				07F01B4F2750C73B00D34A4F /* Data */,
				07F01B3F2750C54300D34A4F /* Assets.xcassets */,
				07F01B442750C54300D34A4F /* Info.plist */,
			);
			path = "Guidebook App";
			sourceTree = "<group>";
		};
		07F01B4A2750C6B400D34A4F /* Storyboards */ = {
			isa = PBXGroup;
			children = (
				07F01B392750C54100D34A4F /* Main.storyboard */,
				07F01B412750C54300D34A4F /* LaunchScreen.storyboard */,
			);
			path = Storyboards;
			sourceTree = "<group>";
		};
		07F01B4B2750C6D600D34A4F /* ViewControllers */ = {
			isa = PBXGroup;
			children = (
				07F01B372750C54100D34A4F /* ViewController.swift */,
				07184DAA2750D3AF00665C6F /* PlaceViewController.swift */,
				07184DAC2750D8BE00665C6F /* InfoViewController.swift */,
				07184DAE2750D8C900665C6F /* MapViewController.swift */,
				07184DB02750D8D200665C6F /* NotesViewController.swift */,
			);
			path = ViewControllers;
			sourceTree = "<group>";
		};
		07F01B4C2750C6EC00D34A4F /* Views */ = {
			isa = PBXGroup;
			children = (
				07184DE627513B7200665C6F /* PlaceTableViewCell.swift */,
			);
			path = Views;
			sourceTree = "<group>";
		};
		07F01B4D2750C6FF00D34A4F /* Model */ = {
			isa = PBXGroup;
			children = (
				07184DDC27510B9400665C6F /* Place+CoreDataClass.swift */,
				07184DDD27510B9400665C6F /* Place+CoreDataProperties.swift */,
				07184DDE27510B9400665C6F /* Note+CoreDataClass.swift */,
				07184DDF27510B9400665C6F /* Note+CoreDataProperties.swift */,
			);
			path = Model;
			sourceTree = "<group>";
		};
		07F01B4E2750C71100D34A4F /* Helpers */ = {
			isa = PBXGroup;
			children = (
				07184DB22750DA3000665C6F /* Constants.swift */,
			);
			path = Helpers;
			sourceTree = "<group>";
		};
		07F01B4F2750C73B00D34A4F /* Data */ = {
			isa = PBXGroup;
			children = (
				07184DE427510BFA00665C6F /* PreloadedData.json */,
				07F01B3C2750C54100D34A4F /* Guidebook_App.xcdatamodeld */,
			);
			path = Data;
			sourceTree = "<group>";
		};
/* End PBXGroup section */

/* Begin PBXNativeTarget section */
		07F01B2F2750C54100D34A4F /* Guidebook App */ = {
			isa = PBXNativeTarget;
			buildConfigurationList = 07F01B472750C54300D34A4F /* Build configuration list for PBXNativeTarget "Guidebook App" */;
			buildPhases = (
				07F01B2C2750C54100D34A4F /* Sources */,
				07F01B2D2750C54100D34A4F /* Frameworks */,
				07F01B2E2750C54100D34A4F /* Resources */,
			);
			buildRules = (
			);
			dependencies = (
			);
			name = "Guidebook App";
			productName = "Guidebook App";
			productReference = 07F01B302750C54100D34A4F /* Guidebook App.app */;
			productType = "com.apple.product-type.application";
		};
/* End PBXNativeTarget section */

/* Begin PBXProject section */
		07F01B282750C54100D34A4F /* Project object */ = {
			isa = PBXProject;
			attributes = {
				BuildIndependentTargetsInParallel = 1;
				LastSwiftUpdateCheck = 1310;
				LastUpgradeCheck = 1310;
				TargetAttributes = {
					07F01B2F2750C54100D34A4F = {
						CreatedOnToolsVersion = 13.1;
					};
				};
			};
			buildConfigurationList = 07F01B2B2750C54100D34A4F /* Build configuration list for PBXProject "Guidebook App" */;
			compatibilityVersion = "Xcode 13.0";
			developmentRegion = en;
			hasScannedForEncodings = 0;
			knownRegions = (
				en,
				Base,
			);
			mainGroup = 07F01B272750C54100D34A4F;
			productRefGroup = 07F01B312750C54100D34A4F /* Products */;
			projectDirPath = "";
			projectRoot = "";
			targets = (
				07F01B2F2750C54100D34A4F /* Guidebook App */,
			);
		};
/* End PBXProject section */

/* Begin PBXResourcesBuildPhase section */
		07F01B2E2750C54100D34A4F /* Resources */ = {
			isa = PBXResourcesBuildPhase;
			buildActionMask = 2147483647;
			files = (
				07184DE527510BFA00665C6F /* PreloadedData.json in Resources */,
				07F01B432750C54300D34A4F /* LaunchScreen.storyboard in Resources */,
				07F01B402750C54300D34A4F /* Assets.xcassets in Resources */,
				07F01B3B2750C54100D34A4F /* Main.storyboard in Resources */,
			);
			runOnlyForDeploymentPostprocessing = 0;
		};
/* End PBXResourcesBuildPhase section */

/* Begin PBXSourcesBuildPhase section */
		07F01B2C2750C54100D34A4F /* Sources */ = {
			isa = PBXSourcesBuildPhase;
			buildActionMask = 2147483647;
			files = (
				07F01B382750C54100D34A4F /* ViewController.swift in Sources */,
				07F01B342750C54100D34A4F /* AppDelegate.swift in Sources */,
				07F01B362750C54100D34A4F /* SceneDelegate.swift in Sources */,
				07184DE727513B7300665C6F /* PlaceTableViewCell.swift in Sources */,
				07184DE327510B9400665C6F /* Note+CoreDataProperties.swift in Sources */,
				07184DAB2750D3AF00665C6F /* PlaceViewController.swift in Sources */,
				07184DB12750D8D200665C6F /* NotesViewController.swift in Sources */,
				07184DE127510B9400665C6F /* Place+CoreDataProperties.swift in Sources */,
				07184DE027510B9400665C6F /* Place+CoreDataClass.swift in Sources */,
				07184DAD2750D8BE00665C6F /* InfoViewController.swift in Sources */,
				07F01B3E2750C54100D34A4F /* Guidebook_App.xcdatamodeld in Sources */,
				07184DE227510B9400665C6F /* Note+CoreDataClass.swift in Sources */,
				07184DAF2750D8C900665C6F /* MapViewController.swift in Sources */,
				07184DB32750DA3000665C6F /* Constants.swift in Sources */,
			);
			runOnlyForDeploymentPostprocessing = 0;
		};
/* End PBXSourcesBuildPhase section */

/* Begin PBXVariantGroup section */
		07F01B392750C54100D34A4F /* Main.storyboard */ = {
			isa = PBXVariantGroup;
			children = (
				07F01B3A2750C54100D34A4F /* Base */,
			);
			name = Main.storyboard;
			sourceTree = "<group>";
		};
		07F01B412750C54300D34A4F /* LaunchScreen.storyboard */ = {
			isa = PBXVariantGroup;
			children = (
				07F01B422750C54300D34A4F /* Base */,
			);
			name = LaunchScreen.storyboard;
			sourceTree = "<group>";
		};
/* End PBXVariantGroup section */

/* Begin XCBuildConfiguration section */
		07F01B452750C54300D34A4F /* Debug */ = {
			isa = XCBuildConfiguration;
			buildSettings = {
				ALWAYS_SEARCH_USER_PATHS = NO;
				CLANG_ANALYZER_NONNULL = YES;
				CLANG_ANALYZER_NUMBER_OBJECT_CONVERSION = YES_AGGRESSIVE;
				CLANG_CXX_LANGUAGE_STANDARD = "gnu++17";
				CLANG_CXX_LIBRARY = "libc++";
				CLANG_ENABLE_MODULES = YES;
				CLANG_ENABLE_OBJC_ARC = YES;
				CLANG_ENABLE_OBJC_WEAK = YES;
				CLANG_WARN_BLOCK_CAPTURE_AUTORELEASING = YES;
				CLANG_WARN_BOOL_CONVERSION = YES;
				CLANG_WARN_COMMA = YES;
				CLANG_WARN_CONSTANT_CONVERSION = YES;
				CLANG_WARN_DEPRECATED_OBJC_IMPLEMENTATIONS = YES;
				CLANG_WARN_DIRECT_OBJC_ISA_USAGE = YES_ERROR;
				CLANG_WARN_DOCUMENTATION_COMMENTS = YES;
				CLANG_WARN_EMPTY_BODY = YES;
				CLANG_WARN_ENUM_CONVERSION = YES;
				CLANG_WARN_INFINITE_RECURSION = YES;
				CLANG_WARN_INT_CONVERSION = YES;
				CLANG_WARN_NON_LITERAL_NULL_CONVERSION = YES;
				CLANG_WARN_OBJC_IMPLICIT_RETAIN_SELF = YES;
				CLANG_WARN_OBJC_LITERAL_CONVERSION = YES;
				CLANG_WARN_OBJC_ROOT_CLASS = YES_ERROR;
				CLANG_WARN_QUOTED_INCLUDE_IN_FRAMEWORK_HEADER = YES;
				CLANG_WARN_RANGE_LOOP_ANALYSIS = YES;
				CLANG_WARN_STRICT_PROTOTYPES = YES;
				CLANG_WARN_SUSPICIOUS_MOVE = YES;
				CLANG_WARN_UNGUARDED_AVAILABILITY = YES_AGGRESSIVE;
				CLANG_WARN_UNREACHABLE_CODE = YES;
				CLANG_WARN__DUPLICATE_METHOD_MATCH = YES;
				COPY_PHASE_STRIP = NO;
				DEBUG_INFORMATION_FORMAT = dwarf;
				ENABLE_STRICT_OBJC_MSGSEND = YES;
				ENABLE_TESTABILITY = YES;
				GCC_C_LANGUAGE_STANDARD = gnu11;
				GCC_DYNAMIC_NO_PIC = NO;
				GCC_NO_COMMON_BLOCKS = YES;
				GCC_OPTIMIZATION_LEVEL = 0;
				GCC_PREPROCESSOR_DEFINITIONS = (
					"DEBUG=1",
					"$(inherited)",
				);
				GCC_WARN_64_TO_32_BIT_CONVERSION = YES;
				GCC_WARN_ABOUT_RETURN_TYPE = YES_ERROR;
				GCC_WARN_UNDECLARED_SELECTOR = YES;
				GCC_WARN_UNINITIALIZED_AUTOS = YES_AGGRESSIVE;
				GCC_WARN_UNUSED_FUNCTION = YES;
				GCC_WARN_UNUSED_VARIABLE = YES;
				IPHONEOS_DEPLOYMENT_TARGET = 15.0;
				MTL_ENABLE_DEBUG_INFO = INCLUDE_SOURCE;
				MTL_FAST_MATH = YES;
				ONLY_ACTIVE_ARCH = YES;
				SDKROOT = iphoneos;
				SWIFT_ACTIVE_COMPILATION_CONDITIONS = DEBUG;
				SWIFT_OPTIMIZATION_LEVEL = "-Onone";
			};
			name = Debug;
		};
		07F01B462750C54300D34A4F /* Release */ = {
			isa = XCBuildConfiguration;
			buildSettings = {
				ALWAYS_SEARCH_USER_PATHS = NO;
				CLANG_ANALYZER_NONNULL = YES;
				CLANG_ANALYZER_NUMBER_OBJECT_CONVERSION = YES_AGGRESSIVE;
				CLANG_CXX_LANGUAGE_STANDARD = "gnu++17";
				CLANG_CXX_LIBRARY = "libc++";
				CLANG_ENABLE_MODULES = YES;
				CLANG_ENABLE_OBJC_ARC = YES;
				CLANG_ENABLE_OBJC_WEAK = YES;
				CLANG_WARN_BLOCK_CAPTURE_AUTORELEASING = YES;
				CLANG_WARN_BOOL_CONVERSION = YES;
				CLANG_WARN_COMMA = YES;
				CLANG_WARN_CONSTANT_CONVERSION = YES;
				CLANG_WARN_DEPRECATED_OBJC_IMPLEMENTATIONS = YES;
				CLANG_WARN_DIRECT_OBJC_ISA_USAGE = YES_ERROR;
				CLANG_WARN_DOCUMENTATION_COMMENTS = YES;
				CLANG_WARN_EMPTY_BODY = YES;
				CLANG_WARN_ENUM_CONVERSION = YES;
				CLANG_WARN_INFINITE_RECURSION = YES;
				CLANG_WARN_INT_CONVERSION = YES;
				CLANG_WARN_NON_LITERAL_NULL_CONVERSION = YES;
				CLANG_WARN_OBJC_IMPLICIT_RETAIN_SELF = YES;
				CLANG_WARN_OBJC_LITERAL_CONVERSION = YES;
				CLANG_WARN_OBJC_ROOT_CLASS = YES_ERROR;
				CLANG_WARN_QUOTED_INCLUDE_IN_FRAMEWORK_HEADER = YES;
				CLANG_WARN_RANGE_LOOP_ANALYSIS = YES;
				CLANG_WARN_STRICT_PROTOTYPES = YES;
				CLANG_WARN_SUSPICIOUS_MOVE = YES;
				CLANG_WARN_UNGUARDED_AVAILABILITY = YES_AGGRESSIVE;
				CLANG_WARN_UNREACHABLE_CODE = YES;
				CLANG_WARN__DUPLICATE_METHOD_MATCH = YES;
				COPY_PHASE_STRIP = NO;
				DEBUG_INFORMATION_FORMAT = "dwarf-with-dsym";
				ENABLE_NS_ASSERTIONS = NO;
				ENABLE_STRICT_OBJC_MSGSEND = YES;
				GCC_C_LANGUAGE_STANDARD = gnu11;
				GCC_NO_COMMON_BLOCKS = YES;
				GCC_WARN_64_TO_32_BIT_CONVERSION = YES;
				GCC_WARN_ABOUT_RETURN_TYPE = YES_ERROR;
				GCC_WARN_UNDECLARED_SELECTOR = YES;
				GCC_WARN_UNINITIALIZED_AUTOS = YES_AGGRESSIVE;
				GCC_WARN_UNUSED_FUNCTION = YES;
				GCC_WARN_UNUSED_VARIABLE = YES;
				IPHONEOS_DEPLOYMENT_TARGET = 15.0;
				MTL_ENABLE_DEBUG_INFO = NO;
				MTL_FAST_MATH = YES;
				SDKROOT = iphoneos;
				SWIFT_COMPILATION_MODE = wholemodule;
				SWIFT_OPTIMIZATION_LEVEL = "-O";
				VALIDATE_PRODUCT = YES;
			};
			name = Release;
		};
		07F01B482750C54300D34A4F /* Debug */ = {
			isa = XCBuildConfiguration;
			buildSettings = {
				ASSETCATALOG_COMPILER_APPICON_NAME = AppIcon;
				ASSETCATALOG_COMPILER_GLOBAL_ACCENT_COLOR_NAME = AccentColor;
				CODE_SIGN_STYLE = Automatic;
				CURRENT_PROJECT_VERSION = 1;
				DEVELOPMENT_TEAM = A5G9GCBXZS;
				GENERATE_INFOPLIST_FILE = YES;
				INFOPLIST_FILE = "Guidebook App/Info.plist";
				INFOPLIST_KEY_UIApplicationSupportsIndirectInputEvents = YES;
				INFOPLIST_KEY_UILaunchStoryboardName = LaunchScreen;
				INFOPLIST_KEY_UIMainStoryboardFile = Main;
				INFOPLIST_KEY_UISupportedInterfaceOrientations_iPad = "UIInterfaceOrientationPortrait UIInterfaceOrientationPortraitUpsideDown UIInterfaceOrientationLandscapeLeft UIInterfaceOrientationLandscapeRight";
				INFOPLIST_KEY_UISupportedInterfaceOrientations_iPhone = "UIInterfaceOrientationPortrait UIInterfaceOrientationLandscapeLeft UIInterfaceOrientationLandscapeRight";
				LD_RUNPATH_SEARCH_PATHS = (
					"$(inherited)",
					"@executable_path/Frameworks",
				);
				MARKETING_VERSION = 1.0;
				PRODUCT_BUNDLE_IDENTIFIER = "com.amangoyal1727.Guidebook-App";
				PRODUCT_NAME = "$(TARGET_NAME)";
				SWIFT_EMIT_LOC_STRINGS = YES;
				SWIFT_VERSION = 5.0;
				TARGETED_DEVICE_FAMILY = "1,2";
			};
			name = Debug;
		};
		07F01B492750C54300D34A4F /* Release */ = {
			isa = XCBuildConfiguration;
			buildSettings = {
				ASSETCATALOG_COMPILER_APPICON_NAME = AppIcon;
				ASSETCATALOG_COMPILER_GLOBAL_ACCENT_COLOR_NAME = AccentColor;
				CODE_SIGN_STYLE = Automatic;
				CURRENT_PROJECT_VERSION = 1;
				DEVELOPMENT_TEAM = A5G9GCBXZS;
				GENERATE_INFOPLIST_FILE = YES;
				INFOPLIST_FILE = "Guidebook App/Info.plist";
				INFOPLIST_KEY_UIApplicationSupportsIndirectInputEvents = YES;
				INFOPLIST_KEY_UILaunchStoryboardName = LaunchScreen;
				INFOPLIST_KEY_UIMainStoryboardFile = Main;
				INFOPLIST_KEY_UISupportedInterfaceOrientations_iPad = "UIInterfaceOrientationPortrait UIInterfaceOrientationPortraitUpsideDown UIInterfaceOrientationLandscapeLeft UIInterfaceOrientationLandscapeRight";
				INFOPLIST_KEY_UISupportedInterfaceOrientations_iPhone = "UIInterfaceOrientationPortrait UIInterfaceOrientationLandscapeLeft UIInterfaceOrientationLandscapeRight";
				LD_RUNPATH_SEARCH_PATHS = (
					"$(inherited)",
					"@executable_path/Frameworks",
				);
				MARKETING_VERSION = 1.0;
				PRODUCT_BUNDLE_IDENTIFIER = "com.amangoyal1727.Guidebook-App";
				PRODUCT_NAME = "$(TARGET_NAME)";
				SWIFT_EMIT_LOC_STRINGS = YES;
				SWIFT_VERSION = 5.0;
				TARGETED_DEVICE_FAMILY = "1,2";
			};
			name = Release;
		};
/* End XCBuildConfiguration section */

/* Begin XCConfigurationList section */
		07F01B2B2750C54100D34A4F /* Build configuration list for PBXProject "Guidebook App" */ = {
			isa = XCConfigurationList;
			buildConfigurations = (
				07F01B452750C54300D34A4F /* Debug */,
				07F01B462750C54300D34A4F /* Release */,
			);
			defaultConfigurationIsVisible = 0;
			defaultConfigurationName = Release;
		};
		07F01B472750C54300D34A4F /* Build configuration list for PBXNativeTarget "Guidebook App" */ = {
			isa = XCConfigurationList;
			buildConfigurations = (
				07F01B482750C54300D34A4F /* Debug */,
				07F01B492750C54300D34A4F /* Release */,
			);
			defaultConfigurationIsVisible = 0;
			defaultConfigurationName = Release;
		};
/* End XCConfigurationList section */

/* Begin XCVersionGroup section */
		07F01B3C2750C54100D34A4F /* Guidebook_App.xcdatamodeld */ = {
			isa = XCVersionGroup;
			children = (
				07F01B3D2750C54100D34A4F /* Guidebook_App.xcdatamodel */,
			);
			currentVersion = 07F01B3D2750C54100D34A4F /* Guidebook_App.xcdatamodel */;
			path = Guidebook_App.xcdatamodeld;
			sourceTree = "<group>";
			versionGroupType = wrapper.xcdatamodel;
		};
/* End XCVersionGroup section */
	};
	rootObject = 07F01B282750C54100D34A4F /* Project object */;
}
